
Microsoft Visual Studio Solution File, Format Version 12.00
# Visual Studio Version 17
VisualStudioVersion = 17.8.34330.188
MinimumVisualStudioVersion = 10.0.40219.1
Project("{FAE04EC0-301F-11D3-BF4B-00C04F79EFBC}") = "WpfApp1", "WpfApp1.csproj", "{03949A9D-CE91-4EE0-B3D7-2BE53FDBFECB}"
EndProject
Global
	GlobalSection(SolutionConfigurationPlatforms) = preSolution
		Debug|Any CPU = Debug|Any CPU
		Release|Any CPU = Release|Any CPU
	EndGlobalSection
	GlobalSection(ProjectConfigurationPlatforms) = postSolution
		{03949A9D-CE91-4EE0-B3D7-2BE53FDBFECB}.Debug|Any CPU.ActiveCfg = Debug|Any CPU
		{03949A9D-CE91-4EE0-B3D7-2BE53FDBFECB}.Debug|Any CPU.Build.0 = Debug|Any CPU
		{03949A9D-CE91-4EE0-B3D7-2BE53FDBFECB}.Release|Any CPU.ActiveCfg = Release|Any CPU
		{03949A9D-CE91-4EE0-B3D7-2BE53FDBFECB}.Release|Any CPU.Build.0 = Release|Any CPU
	EndGlobalSection
	GlobalSection(SolutionProperties) = preSolution
		HideSolutionNode = FALSE
	EndGlobalSection
	GlobalSection(ExtensibilityGlobals) = postSolution
		SolutionGuid = {3AA8CD64-794C-4A28-AA83-4766472EB954}
	EndGlobalSection
EndGlobal
